
Microsoft Visual Studio Solution File, Format Version 12.00
# Visual Studio Version 17
VisualStudioVersion = 17.7.34221.43
MinimumVisualStudioVersion = 10.0.40219.1
Project("{FAE04EC0-301F-11D3-BF4B-00C04F79EFBC}") = "SchoolOlymp", "SchoolOlymp\SchoolOlymp.csproj", "{D3AC67AE-6F87-4066-9A07-FCAB2D543E5B}"
EndProject
Global
	GlobalSection(SolutionConfigurationPlatforms) = preSolution
		Debug|Any CPU = Debug|Any CPU
		Release|Any CPU = Release|Any CPU
	EndGlobalSection
	GlobalSection(ProjectConfigurationPlatforms) = postSolution
		{D3AC67AE-6F87-4066-9A07-FCAB2D543E5B}.Debug|Any CPU.ActiveCfg = Debug|Any CPU
		{D3AC67AE-6F87-4066-9A07-FCAB2D543E5B}.Debug|Any CPU.Build.0 = Debug|Any CPU
		{D3AC67AE-6F87-4066-9A07-FCAB2D543E5B}.Release|Any CPU.ActiveCfg = Release|Any CPU
		{D3AC67AE-6F87-4066-9A07-FCAB2D543E5B}.Release|Any CPU.Build.0 = Release|Any CPU
	EndGlobalSection
	GlobalSection(SolutionProperties) = preSolution
		HideSolutionNode = FALSE
	EndGlobalSection
	GlobalSection(ExtensibilityGlobals) = postSolution
		SolutionGuid = {BEC1121F-F426-4421-BFBB-5A7F5643DAE8}
	EndGlobalSection
EndGlobal
